{
  "name": "ENSO-demo",
  "lockfileVersion": 3,
  "requires": true,
  "packages": {
    "": {
      "dependencies": {
        "tdesign-miniprogram": "^1.0.0"
      }
    },
    "node_modules/dayjs": {
      "version": "1.11.7",
      "resolved": "https://registry.npmmirror.com/dayjs/-/dayjs-1.11.7.tgz",
      "integrity": "sha512-+Yw9U6YO5TQohxLcIkrXBeY73WP3ejHWVvx8XCk3gxvQDCTEmS48ZrSZCKciI7Bhl/uCMyxYtE9UqRILmFphkQ=="
    },
    "node_modules/tdesign-miniprogram": {
      "version": "1.0.0",
      "resolved": "https://registry.npmmirror.com/tdesign-miniprogram/-/tdesign-miniprogram-1.0.0.tgz",
      "integrity": "sha512-Mdcqmja454gIUFF7kob5x/qG5fCP7Q3/SUKED36Ih3vKYJxhzMsaAhKSckggvq5bVKO0wpXiEf4a0nohYRFqhw==",
      "dependencies": {
        "dayjs": "^1.10.7"
      }
    }
  }
}
